
Microsoft Visual Studio Solution File, Format Version 12.00
# Visual Studio Version 16
VisualStudioVersion = 16.0.31911.196
MinimumVisualStudioVersion = 10.0.40219.1
Project("{2150E333-8FDC-42A3-9474-1A3956D46DE8}") = "src", "src", "{738912C3-4781-4FDB-BBE9-7805A673E6DC}"
EndProject
Project("{2150E333-8FDC-42A3-9474-1A3956D46DE8}") = "tests", "tests", "{231810A6-D537-4059-8904-3941598438DA}"
EndProject
Project("{2150E333-8FDC-42A3-9474-1A3956D46DE8}") = "solution-items", "solution-items", "{F3779BA7-0955-4A98-A634-D16F4439D9C4}"
	ProjectSection(SolutionItems) = preProject
		.editorconfig = .editorconfig
		.gitlab-ci.yml = .gitlab-ci.yml
		Directory.Build.props = Directory.Build.props
		README.md = README.md
	EndProjectSection
EndProject
Project("{9A19103F-16F7-4668-BE54-9A1E7A4F7556}") = "Common", "src\Common\Common.csproj", "{D5181213-E18E-4090-B9DF-1548EB914F08}"
EndProject
Project("{9A19103F-16F7-4668-BE54-9A1E7A4F7556}") = "Hw5.Exercise0", "src\Hw5.Exercise0\Hw5.Exercise0.csproj", "{23755613-5517-4130-84A9-57CF23EC0AD2}"
EndProject
Project("{9A19103F-16F7-4668-BE54-9A1E7A4F7556}") = "Hw5.Exercise0.Tests", "tests\Hw5.Exercise0.Tests\Hw5.Exercise0.Tests.csproj", "{E92B66A7-B96A-4BCB-8D50-C06D455CF348}"
EndProject
Global
	GlobalSection(SolutionConfigurationPlatforms) = preSolution
		Debug|Any CPU = Debug|Any CPU
		Release|Any CPU = Release|Any CPU
	EndGlobalSection
	GlobalSection(ProjectConfigurationPlatforms) = postSolution
		{D5181213-E18E-4090-B9DF-1548EB914F08}.Debug|Any CPU.ActiveCfg = Debug|Any CPU
		{D5181213-E18E-4090-B9DF-1548EB914F08}.Debug|Any CPU.Build.0 = Debug|Any CPU
		{D5181213-E18E-4090-B9DF-1548EB914F08}.Release|Any CPU.ActiveCfg = Release|Any CPU
		{D5181213-E18E-4090-B9DF-1548EB914F08}.Release|Any CPU.Build.0 = Release|Any CPU
		{23755613-5517-4130-84A9-57CF23EC0AD2}.Debug|Any CPU.ActiveCfg = Debug|Any CPU
		{23755613-5517-4130-84A9-57CF23EC0AD2}.Debug|Any CPU.Build.0 = Debug|Any CPU
		{23755613-5517-4130-84A9-57CF23EC0AD2}.Release|Any CPU.ActiveCfg = Release|Any CPU
		{23755613-5517-4130-84A9-57CF23EC0AD2}.Release|Any CPU.Build.0 = Release|Any CPU
		{E92B66A7-B96A-4BCB-8D50-C06D455CF348}.Debug|Any CPU.ActiveCfg = Debug|Any CPU
		{E92B66A7-B96A-4BCB-8D50-C06D455CF348}.Debug|Any CPU.Build.0 = Debug|Any CPU
		{E92B66A7-B96A-4BCB-8D50-C06D455CF348}.Release|Any CPU.ActiveCfg = Release|Any CPU
		{E92B66A7-B96A-4BCB-8D50-C06D455CF348}.Release|Any CPU.Build.0 = Release|Any CPU
	EndGlobalSection
	GlobalSection(SolutionProperties) = preSolution
		HideSolutionNode = FALSE
	EndGlobalSection
	GlobalSection(NestedProjects) = preSolution
		{D5181213-E18E-4090-B9DF-1548EB914F08} = {738912C3-4781-4FDB-BBE9-7805A673E6DC}
		{23755613-5517-4130-84A9-57CF23EC0AD2} = {738912C3-4781-4FDB-BBE9-7805A673E6DC}
		{E92B66A7-B96A-4BCB-8D50-C06D455CF348} = {231810A6-D537-4059-8904-3941598438DA}
	EndGlobalSection
	GlobalSection(ExtensibilityGlobals) = postSolution
		SolutionGuid = {24DFFECC-7603-4F65-B80C-4F53B04D79B8}
	EndGlobalSection
EndGlobal
